
Microsoft Visual Studio Solution File, Format Version 12.00
# Visual Studio 15
VisualStudioVersion = 15.0.28307.106
MinimumVisualStudioVersion = 10.0.40219.1
Project("{FAE04EC0-301F-11D3-BF4B-00C04F79EFBC}") = "MarsRover", "MarsRover\MarsRover.csproj", "{5DED2CF9-E1A4-4AEC-901E-04F8FD43F4EC}"
EndProject
Global
	GlobalSection(SolutionConfigurationPlatforms) = preSolution
		Debug|Any CPU = Debug|Any CPU
		Release|Any CPU = Release|Any CPU
	EndGlobalSection
	GlobalSection(ProjectConfigurationPlatforms) = postSolution
		{5DED2CF9-E1A4-4AEC-901E-04F8FD43F4EC}.Debug|Any CPU.ActiveCfg = Debug|Any CPU
		{5DED2CF9-E1A4-4AEC-901E-04F8FD43F4EC}.Debug|Any CPU.Build.0 = Debug|Any CPU
		{5DED2CF9-E1A4-4AEC-901E-04F8FD43F4EC}.Release|Any CPU.ActiveCfg = Release|Any CPU
		{5DED2CF9-E1A4-4AEC-901E-04F8FD43F4EC}.Release|Any CPU.Build.0 = Release|Any CPU
	EndGlobalSection
	GlobalSection(SolutionProperties) = preSolution
		HideSolutionNode = FALSE
	EndGlobalSection
	GlobalSection(ExtensibilityGlobals) = postSolution
		SolutionGuid = {B5537C4F-F827-4237-BC0F-A724800ECDE9}
	EndGlobalSection
EndGlobal
